
Microsoft Visual Studio Solution File, Format Version 11.00
# Visual Studio 2010
Project("{FAE04EC0-301F-11D3-BF4B-00C04F79EFBC}") = "MVVMNinja", "MVVMNinja\MVVMNinja.csproj", "{F6214CD2-165B-455F-9D37-F65F35AABCA6}"
EndProject
Project("{2150E333-8FDC-42A3-9474-1A3956D46DE8}") = "Solution Items", "Solution Items", "{49F8D9F1-6E38-42F7-8BE4-1768253E51F3}"
	ProjectSection(SolutionItems) = preProject
		Local.testsettings = Local.testsettings
		MVVMNinja.vsmdi = MVVMNinja.vsmdi
		TraceAndTestImpact.testsettings = TraceAndTestImpact.testsettings
	EndProjectSection
EndProject
Project("{FAE04EC0-301F-11D3-BF4B-00C04F79EFBC}") = "Billing.Monolithic", "Billing.Monolithic\Billing.Monolithic.csproj", "{ED9EDE5E-9D90-4E68-98B8-25E7A8B44C5D}"
EndProject
Project("{FAE04EC0-301F-11D3-BF4B-00C04F79EFBC}") = "Billing.DataAccess", "Billing.DataAccess\Billing.DataAccess.csproj", "{DFE55F3A-5618-40A0-8B7B-0ECDD5B3265F}"
EndProject
Project("{FAE04EC0-301F-11D3-BF4B-00C04F79EFBC}") = "BillingWin", "BillingWin\BillingWin.csproj", "{7CE7438C-DCC7-4DC9-8A7F-8A809D4088B1}"
EndProject
Project("{FAE04EC0-301F-11D3-BF4B-00C04F79EFBC}") = "ProjectBilling.MVC", "ProjectBilling.MVC\ProjectBilling.MVC.csproj", "{F1D7D784-E325-44AE-8B21-F69EACD4FD9F}"
EndProject
Project("{FAE04EC0-301F-11D3-BF4B-00C04F79EFBC}") = "ProjectBilling.MVP", "ProjectBilling.MVP\ProjectBilling.MVP.csproj", "{7C93653C-2D5B-4684-9F5B-3B91726BE4BF}"
EndProject
Project("{FAE04EC0-301F-11D3-BF4B-00C04F79EFBC}") = "Billing.Test", "Billing.Test\Billing.Test.csproj", "{F2C57FF1-4B7F-42CF-8730-5A6372036623}"
EndProject
Project("{FAE04EC0-301F-11D3-BF4B-00C04F79EFBC}") = "ProjectBilling.MVVM", "ProjectBilling.MVVM\ProjectBilling.MVVM.csproj", "{ED3517B6-0998-4300-AEBA-411129E21764}"
EndProject
Project("{FAE04EC0-301F-11D3-BF4B-00C04F79EFBC}") = "ProjectBilling.DataAccess.SL", "ProjectBilling.DataAccess.SL\ProjectBilling.DataAccess.SL.csproj", "{8B364569-E046-451A-BA0A-283DDBF1D741}"
EndProject
Project("{FAE04EC0-301F-11D3-BF4B-00C04F79EFBC}") = "ProjectBilling.UI.SL", "ProjectBilling.UI.SL\ProjectBilling.UI.SL.csproj", "{011BD426-CFB3-4B40-A80D-62D06957D8A5}"
EndProject
Global
	GlobalSection(TestCaseManagementSettings) = postSolution
		CategoryFile = MVVMNinja.vsmdi
	EndGlobalSection
	GlobalSection(SolutionConfigurationPlatforms) = preSolution
		Debug|Any CPU = Debug|Any CPU
		Debug|Mixed Platforms = Debug|Mixed Platforms
		Debug|x86 = Debug|x86
		Release|Any CPU = Release|Any CPU
		Release|Mixed Platforms = Release|Mixed Platforms
		Release|x86 = Release|x86
	EndGlobalSection
	GlobalSection(ProjectConfigurationPlatforms) = postSolution
		{F6214CD2-165B-455F-9D37-F65F35AABCA6}.Debug|Any CPU.ActiveCfg = Debug|Any CPU
		{F6214CD2-165B-455F-9D37-F65F35AABCA6}.Debug|Any CPU.Build.0 = Debug|Any CPU
		{F6214CD2-165B-455F-9D37-F65F35AABCA6}.Debug|Mixed Platforms.ActiveCfg = Debug|Any CPU
		{F6214CD2-165B-455F-9D37-F65F35AABCA6}.Debug|Mixed Platforms.Build.0 = Debug|Any CPU
		{F6214CD2-165B-455F-9D37-F65F35AABCA6}.Debug|x86.ActiveCfg = Debug|Any CPU
		{F6214CD2-165B-455F-9D37-F65F35AABCA6}.Release|Any CPU.ActiveCfg = Release|Any CPU
		{F6214CD2-165B-455F-9D37-F65F35AABCA6}.Release|Any CPU.Build.0 = Release|Any CPU
		{F6214CD2-165B-455F-9D37-F65F35AABCA6}.Release|Mixed Platforms.ActiveCfg = Release|Any CPU
		{F6214CD2-165B-455F-9D37-F65F35AABCA6}.Release|Mixed Platforms.Build.0 = Release|Any CPU
		{F6214CD2-165B-455F-9D37-F65F35AABCA6}.Release|x86.ActiveCfg = Release|Any CPU
		{ED9EDE5E-9D90-4E68-98B8-25E7A8B44C5D}.Debug|Any CPU.ActiveCfg = Debug|x86
		{ED9EDE5E-9D90-4E68-98B8-25E7A8B44C5D}.Debug|Mixed Platforms.ActiveCfg = Debug|x86
		{ED9EDE5E-9D90-4E68-98B8-25E7A8B44C5D}.Debug|Mixed Platforms.Build.0 = Debug|x86
		{ED9EDE5E-9D90-4E68-98B8-25E7A8B44C5D}.Debug|x86.ActiveCfg = Debug|x86
		{ED9EDE5E-9D90-4E68-98B8-25E7A8B44C5D}.Debug|x86.Build.0 = Debug|x86
		{ED9EDE5E-9D90-4E68-98B8-25E7A8B44C5D}.Release|Any CPU.ActiveCfg = Release|x86
		{ED9EDE5E-9D90-4E68-98B8-25E7A8B44C5D}.Release|Mixed Platforms.ActiveCfg = Release|x86
		{ED9EDE5E-9D90-4E68-98B8-25E7A8B44C5D}.Release|Mixed Platforms.Build.0 = Release|x86
		{ED9EDE5E-9D90-4E68-98B8-25E7A8B44C5D}.Release|x86.ActiveCfg = Release|x86
		{ED9EDE5E-9D90-4E68-98B8-25E7A8B44C5D}.Release|x86.Build.0 = Release|x86
		{DFE55F3A-5618-40A0-8B7B-0ECDD5B3265F}.Debug|Any CPU.ActiveCfg = Debug|Any CPU
		{DFE55F3A-5618-40A0-8B7B-0ECDD5B3265F}.Debug|Any CPU.Build.0 = Debug|Any CPU
		{DFE55F3A-5618-40A0-8B7B-0ECDD5B3265F}.Debug|Mixed Platforms.ActiveCfg = Debug|Any CPU
		{DFE55F3A-5618-40A0-8B7B-0ECDD5B3265F}.Debug|Mixed Platforms.Build.0 = Debug|Any CPU
		{DFE55F3A-5618-40A0-8B7B-0ECDD5B3265F}.Debug|x86.ActiveCfg = Debug|Any CPU
		{DFE55F3A-5618-40A0-8B7B-0ECDD5B3265F}.Release|Any CPU.ActiveCfg = Release|Any CPU
		{DFE55F3A-5618-40A0-8B7B-0ECDD5B3265F}.Release|Any CPU.Build.0 = Release|Any CPU
		{DFE55F3A-5618-40A0-8B7B-0ECDD5B3265F}.Release|Mixed Platforms.ActiveCfg = Release|Any CPU
		{DFE55F3A-5618-40A0-8B7B-0ECDD5B3265F}.Release|Mixed Platforms.Build.0 = Release|Any CPU
		{DFE55F3A-5618-40A0-8B7B-0ECDD5B3265F}.Release|x86.ActiveCfg = Release|Any CPU
		{7CE7438C-DCC7-4DC9-8A7F-8A809D4088B1}.Debug|Any CPU.ActiveCfg = Debug|x86
		{7CE7438C-DCC7-4DC9-8A7F-8A809D4088B1}.Debug|Mixed Platforms.ActiveCfg = Debug|x86
		{7CE7438C-DCC7-4DC9-8A7F-8A809D4088B1}.Debug|Mixed Platforms.Build.0 = Debug|x86
		{7CE7438C-DCC7-4DC9-8A7F-8A809D4088B1}.Debug|x86.ActiveCfg = Debug|x86
		{7CE7438C-DCC7-4DC9-8A7F-8A809D4088B1}.Debug|x86.Build.0 = Debug|x86
		{7CE7438C-DCC7-4DC9-8A7F-8A809D4088B1}.Release|Any CPU.ActiveCfg = Release|x86
		{7CE7438C-DCC7-4DC9-8A7F-8A809D4088B1}.Release|Mixed Platforms.ActiveCfg = Release|x86
		{7CE7438C-DCC7-4DC9-8A7F-8A809D4088B1}.Release|Mixed Platforms.Build.0 = Release|x86
		{7CE7438C-DCC7-4DC9-8A7F-8A809D4088B1}.Release|x86.ActiveCfg = Release|x86
		{7CE7438C-DCC7-4DC9-8A7F-8A809D4088B1}.Release|x86.Build.0 = Release|x86
		{F1D7D784-E325-44AE-8B21-F69EACD4FD9F}.Debug|Any CPU.ActiveCfg = Debug|x86
		{F1D7D784-E325-44AE-8B21-F69EACD4FD9F}.Debug|Mixed Platforms.ActiveCfg = Debug|x86
		{F1D7D784-E325-44AE-8B21-F69EACD4FD9F}.Debug|Mixed Platforms.Build.0 = Debug|x86
		{F1D7D784-E325-44AE-8B21-F69EACD4FD9F}.Debug|x86.ActiveCfg = Debug|x86
		{F1D7D784-E325-44AE-8B21-F69EACD4FD9F}.Debug|x86.Build.0 = Debug|x86
		{F1D7D784-E325-44AE-8B21-F69EACD4FD9F}.Release|Any CPU.ActiveCfg = Release|x86
		{F1D7D784-E325-44AE-8B21-F69EACD4FD9F}.Release|Mixed Platforms.ActiveCfg = Release|x86
		{F1D7D784-E325-44AE-8B21-F69EACD4FD9F}.Release|Mixed Platforms.Build.0 = Release|x86
		{F1D7D784-E325-44AE-8B21-F69EACD4FD9F}.Release|x86.ActiveCfg = Release|x86
		{F1D7D784-E325-44AE-8B21-F69EACD4FD9F}.Release|x86.Build.0 = Release|x86
		{7C93653C-2D5B-4684-9F5B-3B91726BE4BF}.Debug|Any CPU.ActiveCfg = Debug|x86
		{7C93653C-2D5B-4684-9F5B-3B91726BE4BF}.Debug|Mixed Platforms.ActiveCfg = Debug|x86
		{7C93653C-2D5B-4684-9F5B-3B91726BE4BF}.Debug|Mixed Platforms.Build.0 = Debug|x86
		{7C93653C-2D5B-4684-9F5B-3B91726BE4BF}.Debug|x86.ActiveCfg = Debug|x86
		{7C93653C-2D5B-4684-9F5B-3B91726BE4BF}.Debug|x86.Build.0 = Debug|x86
		{7C93653C-2D5B-4684-9F5B-3B91726BE4BF}.Release|Any CPU.ActiveCfg = Release|x86
		{7C93653C-2D5B-4684-9F5B-3B91726BE4BF}.Release|Mixed Platforms.ActiveCfg = Release|x86
		{7C93653C-2D5B-4684-9F5B-3B91726BE4BF}.Release|Mixed Platforms.Build.0 = Release|x86
		{7C93653C-2D5B-4684-9F5B-3B91726BE4BF}.Release|x86.ActiveCfg = Release|x86
		{7C93653C-2D5B-4684-9F5B-3B91726BE4BF}.Release|x86.Build.0 = Release|x86
		{F2C57FF1-4B7F-42CF-8730-5A6372036623}.Debug|Any CPU.ActiveCfg = Debug|Any CPU
		{F2C57FF1-4B7F-42CF-8730-5A6372036623}.Debug|Any CPU.Build.0 = Debug|Any CPU
		{F2C57FF1-4B7F-42CF-8730-5A6372036623}.Debug|Mixed Platforms.ActiveCfg = Debug|Any CPU
		{F2C57FF1-4B7F-42CF-8730-5A6372036623}.Debug|Mixed Platforms.Build.0 = Debug|Any CPU
		{F2C57FF1-4B7F-42CF-8730-5A6372036623}.Debug|x86.ActiveCfg = Debug|Any CPU
		{F2C57FF1-4B7F-42CF-8730-5A6372036623}.Release|Any CPU.ActiveCfg = Release|Any CPU
		{F2C57FF1-4B7F-42CF-8730-5A6372036623}.Release|Any CPU.Build.0 = Release|Any CPU
		{F2C57FF1-4B7F-42CF-8730-5A6372036623}.Release|Mixed Platforms.ActiveCfg = Release|Any CPU
		{F2C57FF1-4B7F-42CF-8730-5A6372036623}.Release|Mixed Platforms.Build.0 = Release|Any CPU
		{F2C57FF1-4B7F-42CF-8730-5A6372036623}.Release|x86.ActiveCfg = Release|Any CPU
		{ED3517B6-0998-4300-AEBA-411129E21764}.Debug|Any CPU.ActiveCfg = Debug|x86
		{ED3517B6-0998-4300-AEBA-411129E21764}.Debug|Mixed Platforms.ActiveCfg = Debug|x86
		{ED3517B6-0998-4300-AEBA-411129E21764}.Debug|Mixed Platforms.Build.0 = Debug|x86
		{ED3517B6-0998-4300-AEBA-411129E21764}.Debug|x86.ActiveCfg = Debug|x86
		{ED3517B6-0998-4300-AEBA-411129E21764}.Debug|x86.Build.0 = Debug|x86
		{ED3517B6-0998-4300-AEBA-411129E21764}.Release|Any CPU.ActiveCfg = Release|x86
		{ED3517B6-0998-4300-AEBA-411129E21764}.Release|Mixed Platforms.ActiveCfg = Release|x86
		{ED3517B6-0998-4300-AEBA-411129E21764}.Release|Mixed Platforms.Build.0 = Release|x86
		{ED3517B6-0998-4300-AEBA-411129E21764}.Release|x86.ActiveCfg = Release|x86
		{ED3517B6-0998-4300-AEBA-411129E21764}.Release|x86.Build.0 = Release|x86
		{8B364569-E046-451A-BA0A-283DDBF1D741}.Debug|Any CPU.ActiveCfg = Debug|Any CPU
		{8B364569-E046-451A-BA0A-283DDBF1D741}.Debug|Any CPU.Build.0 = Debug|Any CPU
		{8B364569-E046-451A-BA0A-283DDBF1D741}.Debug|Mixed Platforms.ActiveCfg = Debug|Any CPU
		{8B364569-E046-451A-BA0A-283DDBF1D741}.Debug|Mixed Platforms.Build.0 = Debug|Any CPU
		{8B364569-E046-451A-BA0A-283DDBF1D741}.Debug|x86.ActiveCfg = Debug|Any CPU
		{8B364569-E046-451A-BA0A-283DDBF1D741}.Release|Any CPU.ActiveCfg = Release|Any CPU
		{8B364569-E046-451A-BA0A-283DDBF1D741}.Release|Any CPU.Build.0 = Release|Any CPU
		{8B364569-E046-451A-BA0A-283DDBF1D741}.Release|Mixed Platforms.ActiveCfg = Release|Any CPU
		{8B364569-E046-451A-BA0A-283DDBF1D741}.Release|Mixed Platforms.Build.0 = Release|Any CPU
		{8B364569-E046-451A-BA0A-283DDBF1D741}.Release|x86.ActiveCfg = Release|Any CPU
		{011BD426-CFB3-4B40-A80D-62D06957D8A5}.Debug|Any CPU.ActiveCfg = Debug|Any CPU
		{011BD426-CFB3-4B40-A80D-62D06957D8A5}.Debug|Any CPU.Build.0 = Debug|Any CPU
		{011BD426-CFB3-4B40-A80D-62D06957D8A5}.Debug|Mixed Platforms.ActiveCfg = Debug|Any CPU
		{011BD426-CFB3-4B40-A80D-62D06957D8A5}.Debug|Mixed Platforms.Build.0 = Debug|Any CPU
		{011BD426-CFB3-4B40-A80D-62D06957D8A5}.Debug|x86.ActiveCfg = Debug|Any CPU
		{011BD426-CFB3-4B40-A80D-62D06957D8A5}.Release|Any CPU.ActiveCfg = Release|Any CPU
		{011BD426-CFB3-4B40-A80D-62D06957D8A5}.Release|Any CPU.Build.0 = Release|Any CPU
		{011BD426-CFB3-4B40-A80D-62D06957D8A5}.Release|Mixed Platforms.ActiveCfg = Release|Any CPU
		{011BD426-CFB3-4B40-A80D-62D06957D8A5}.Release|Mixed Platforms.Build.0 = Release|Any CPU
		{011BD426-CFB3-4B40-A80D-62D06957D8A5}.Release|x86.ActiveCfg = Release|Any CPU
	EndGlobalSection
	GlobalSection(SolutionProperties) = preSolution
		HideSolutionNode = FALSE
	EndGlobalSection
EndGlobal
